
Microsoft Visual Studio Solution File, Format Version 12.00
# Visual Studio Version 16
VisualStudioVersion = 16.0.29306.81
MinimumVisualStudioVersion = 10.0.40219.1
Project("{FAE04EC0-301F-11D3-BF4B-00C04F79EFBC}") = "XUnitTestProject1", "XUnitTestProject1.csproj", "{2C13CFAD-7B07-4ABF-8C65-F4D86C61B5EA}"
EndProject
Global
	GlobalSection(SolutionConfigurationPlatforms) = preSolution
		Debug|Any CPU = Debug|Any CPU
		Release|Any CPU = Release|Any CPU
	EndGlobalSection
	GlobalSection(ProjectConfigurationPlatforms) = postSolution
		{2C13CFAD-7B07-4ABF-8C65-F4D86C61B5EA}.Debug|Any CPU.ActiveCfg = Debug|Any CPU
		{2C13CFAD-7B07-4ABF-8C65-F4D86C61B5EA}.Debug|Any CPU.Build.0 = Debug|Any CPU
		{2C13CFAD-7B07-4ABF-8C65-F4D86C61B5EA}.Release|Any CPU.ActiveCfg = Release|Any CPU
		{2C13CFAD-7B07-4ABF-8C65-F4D86C61B5EA}.Release|Any CPU.Build.0 = Release|Any CPU
	EndGlobalSection
	GlobalSection(SolutionProperties) = preSolution
		HideSolutionNode = FALSE
	EndGlobalSection
	GlobalSection(ExtensibilityGlobals) = postSolution
		SolutionGuid = {722BA4C6-BAE3-4872-B8D2-98FDFECA82F6}
	EndGlobalSection
EndGlobal
